github.com/mizuirorivi/go_module_test v0.0.0-20220524042354-d75a7ab95ace h1:6tVP0stOaFtO6LIrLym1at60uG0mAWzzlyNogr0V4Ro=
github.com/mizuirorivi/go_module_test v0.0.0-20220524042354-d75a7ab95ace/go.mod h1:oltJ3mFHs9HmBqMjQt007VqLZtZAOhhkHENUybiMWEo=
github.com/mizuirorivi/go_module_test v0.0.0-20220524043431-172ef9667e09 h1:adJCSe5bYTsAIIZFP/8SElX9pii9RFKrJ0uPfRvSQD4=
github.com/mizuirorivi/go_module_test v0.0.0-20220524043431-172ef9667e09/go.mod h1:oltJ3mFHs9HmBqMjQt007VqLZtZAOhhkHENUybiMWEo=
